// !$*UTF8*$!
{
	archiveVersion = 1;
	classes = {
	};
	objectVersion = 46;
	objects = {

/* Begin PBXBuildFile section */
		8AE8CCCC16973C5D00FA1B2E /* UIKit.framework in Frameworks */ = {isa = PBXBuildFile; fileRef = 8AE8CCCB16973C5D00FA1B2E /* UIKit.framework */; };
		8AE8CCCE16973C5D00FA1B2E /* Foundation.framework in Frameworks */ = {isa = PBXBuildFile; fileRef = 8AE8CCCD16973C5D00FA1B2E /* Foundation.framework */; };
		8AE8CCD016973C5D00FA1B2E /* CoreGraphics.framework in Frameworks */ = {isa = PBXBuildFile; fileRef = 8AE8CCCF16973C5D00FA1B2E /* CoreGraphics.framework */; };
		8AE8CCD816973C5D00FA1B2E /* main.m in Sources */ = {isa = PBXBuildFile; fileRef = 8AE8CCD716973C5D00FA1B2E /* main.m */; };
		8AE8CCDE16973C5D00FA1B2E /* Default.png in Resources */ = {isa = PBXBuildFile; fileRef = 8AE8CCDD16973C5D00FA1B2E /* Default.png */; };
		8AE8CCE016973C5D00FA1B2E /* Default@2x.png in Resources */ = {isa = PBXBuildFile; fileRef = 8AE8CCDF16973C5D00FA1B2E /* Default@2x.png */; };
		8AE8CCE216973C5D00FA1B2E /* Default-568h@2x.png in Resources */ = {isa = PBXBuildFile; fileRef = 8AE8CCE116973C5D00FA1B2E /* Default-568h@2x.png */; };
		8AE8CCF916973CE500FA1B2E /* GNAppDelegate.m in Sources */ = {isa = PBXBuildFile; fileRef = 8AE8CCF316973CE500FA1B2E /* GNAppDelegate.m */; };
		8AE8CCFA16973CE500FA1B2E /* GNWheelView.m in Sources */ = {isa = PBXBuildFile; fileRef = 8AE8CCF516973CE500FA1B2E /* GNWheelView.m */; };
		8AE8CCFB16973CE500FA1B2E /* GNWheelViewController.m in Sources */ = {isa = PBXBuildFile; fileRef = 8AE8CCF716973CE500FA1B2E /* GNWheelViewController.m */; };
		8AE8CCFC16973CE500FA1B2E /* GNWheelViewController.xib in Resources */ = {isa = PBXBuildFile; fileRef = 8AE8CCF816973CE500FA1B2E /* GNWheelViewController.xib */; };
		8AE8CCFE16973D0200FA1B2E /* item.jpg in Resources */ = {isa = PBXBuildFile; fileRef = 8AE8CCFD16973D0200FA1B2E /* item.jpg */; };
		8AE8CD0016973D1D00FA1B2E /* QuartzCore.framework in Frameworks */ = {isa = PBXBuildFile; fileRef = 8AE8CCFF16973D1D00FA1B2E /* QuartzCore.framework */; };
/* End PBXBuildFile section */

/* Begin PBXFileReference section */
		8AE8CCC716973C5D00FA1B2E /* WheelComponent.app */ = {isa = PBXFileReference; explicitFileType = wrapper.application; includeInIndex = 0; path = WheelComponent.app; sourceTree = BUILT_PRODUCTS_DIR; };
		8AE8CCCB16973C5D00FA1B2E /* UIKit.framework */ = {isa = PBXFileReference; lastKnownFileType = wrapper.framework; name = UIKit.framework; path = System/Library/Frameworks/UIKit.framework; sourceTree = SDKROOT; };
		8AE8CCCD16973C5D00FA1B2E /* Foundation.framework */ = {isa = PBXFileReference; lastKnownFileType = wrapper.framework; name = Foundation.framework; path = System/Library/Frameworks/Foundation.framework; sourceTree = SDKROOT; };
		8AE8CCCF16973C5D00FA1B2E /* CoreGraphics.framework */ = {isa = PBXFileReference; lastKnownFileType = wrapper.framework; name = CoreGraphics.framework; path = System/Library/Frameworks/CoreGraphics.framework; sourceTree = SDKROOT; };
		8AE8CCD316973C5D00FA1B2E /* WheelComponent-Info.plist */ = {isa = PBXFileReference; lastKnownFileType = text.plist.xml; path = "WheelComponent-Info.plist"; sourceTree = "<group>"; };
		8AE8CCD716973C5D00FA1B2E /* main.m */ = {isa = PBXFileReference; lastKnownFileType = sourcecode.c.objc; path = main.m; sourceTree = "<group>"; };
		8AE8CCD916973C5D00FA1B2E /* WheelComponent-Prefix.pch */ = {isa = PBXFileReference; lastKnownFileType = sourcecode.c.h; path = "WheelComponent-Prefix.pch"; sourceTree = "<group>"; };
		8AE8CCDD16973C5D00FA1B2E /* Default.png */ = {isa = PBXFileReference; lastKnownFileType = image.png; path = Default.png; sourceTree = "<group>"; };
		8AE8CCDF16973C5D00FA1B2E /* Default@2x.png */ = {isa = PBXFileReference; lastKnownFileType = image.png; path = "Default@2x.png"; sourceTree = "<group>"; };
		8AE8CCE116973C5D00FA1B2E /* Default-568h@2x.png */ = {isa = PBXFileReference; lastKnownFileType = image.png; path = "Default-568h@2x.png"; sourceTree = "<group>"; };
		8AE8CCF216973CE400FA1B2E /* GNAppDelegate.h */ = {isa = PBXFileReference; fileEncoding = 4; lastKnownFileType = sourcecode.c.h; path = GNAppDelegate.h; sourceTree = "<group>"; };
		8AE8CCF316973CE500FA1B2E /* GNAppDelegate.m */ = {isa = PBXFileReference; fileEncoding = 4; lastKnownFileType = sourcecode.c.objc; path = GNAppDelegate.m; sourceTree = "<group>"; };
		8AE8CCF416973CE500FA1B2E /* GNWheelView.h */ = {isa = PBXFileReference; fileEncoding = 4; lastKnownFileType = sourcecode.c.h; path = GNWheelView.h; sourceTree = "<group>"; };
		8AE8CCF516973CE500FA1B2E /* GNWheelView.m */ = {isa = PBXFileReference; fileEncoding = 4; lastKnownFileType = sourcecode.c.objc; path = GNWheelView.m; sourceTree = "<group>"; };
		8AE8CCF616973CE500FA1B2E /* GNWheelViewController.h */ = {isa = PBXFileReference; fileEncoding = 4; lastKnownFileType = sourcecode.c.h; path = GNWheelViewController.h; sourceTree = "<group>"; };
		8AE8CCF716973CE500FA1B2E /* GNWheelViewController.m */ = {isa = PBXFileReference; fileEncoding = 4; lastKnownFileType = sourcecode.c.objc; path = GNWheelViewController.m; sourceTree = "<group>"; };
		8AE8CCF816973CE500FA1B2E /* GNWheelViewController.xib */ = {isa = PBXFileReference; fileEncoding = 4; lastKnownFileType = file.xib; path = GNWheelViewController.xib; sourceTree = "<group>"; };
		8AE8CCFD16973D0200FA1B2E /* item.jpg */ = {isa = PBXFileReference; lastKnownFileType = image.jpeg; path = item.jpg; sourceTree = "<group>"; };
		8AE8CCFF16973D1D00FA1B2E /* QuartzCore.framework */ = {isa = PBXFileReference; lastKnownFileType = wrapper.framework; name = QuartzCore.framework; path = System/Library/Frameworks/QuartzCore.framework; sourceTree = SDKROOT; };
/* End PBXFileReference section */

/* Begin PBXFrameworksBuildPhase section */
		8AE8CCC416973C5D00FA1B2E /* Frameworks */ = {
			isa = PBXFrameworksBuildPhase;
			buildActionMask = 2147483647;
			files = (
				8AE8CD0016973D1D00FA1B2E /* QuartzCore.framework in Frameworks */,
				8AE8CCCC16973C5D00FA1B2E /* UIKit.framework in Frameworks */,
				8AE8CCCE16973C5D00FA1B2E /* Foundation.framework in Frameworks */,
				8AE8CCD016973C5D00FA1B2E /* CoreGraphics.framework in Frameworks */,
			);
			runOnlyForDeploymentPostprocessing = 0;
		};
/* End PBXFrameworksBuildPhase section */

/* Begin PBXGroup section */
		8AE8CCBC16973C5D00FA1B2E = {
			isa = PBXGroup;
			children = (
				8AE8CCD116973C5D00FA1B2E /* WheelComponent */,
				8AE8CCCA16973C5D00FA1B2E /* Frameworks */,
				8AE8CCC816973C5D00FA1B2E /* Products */,
			);
			sourceTree = "<group>";
		};
		8AE8CCC816973C5D00FA1B2E /* Products */ = {
			isa = PBXGroup;
			children = (
				8AE8CCC716973C5D00FA1B2E /* WheelComponent.app */,
			);
			name = Products;
			sourceTree = "<group>";
		};
		8AE8CCCA16973C5D00FA1B2E /* Frameworks */ = {
			isa = PBXGroup;
			children = (
				8AE8CCFF16973D1D00FA1B2E /* QuartzCore.framework */,
				8AE8CCCB16973C5D00FA1B2E /* UIKit.framework */,
				8AE8CCCD16973C5D00FA1B2E /* Foundation.framework */,
				8AE8CCCF16973C5D00FA1B2E /* CoreGraphics.framework */,
			);
			name = Frameworks;
			sourceTree = "<group>";
		};
		8AE8CCD116973C5D00FA1B2E /* WheelComponent */ = {
			isa = PBXGroup;
			children = (
				8AE8CCF216973CE400FA1B2E /* GNAppDelegate.h */,
				8AE8CCF316973CE500FA1B2E /* GNAppDelegate.m */,
				8AE8CCF416973CE500FA1B2E /* GNWheelView.h */,
				8AE8CCF516973CE500FA1B2E /* GNWheelView.m */,
				8AE8CCF616973CE500FA1B2E /* GNWheelViewController.h */,
				8AE8CCF716973CE500FA1B2E /* GNWheelViewController.m */,
				8AE8CCF816973CE500FA1B2E /* GNWheelViewController.xib */,
				8AE8CCD216973C5D00FA1B2E /* Supporting Files */,
			);
			path = WheelComponent;
			sourceTree = "<group>";
		};
		8AE8CCD216973C5D00FA1B2E /* Supporting Files */ = {
			isa = PBXGroup;
			children = (
				8AE8CCFD16973D0200FA1B2E /* item.jpg */,
				8AE8CCD316973C5D00FA1B2E /* WheelComponent-Info.plist */,
				8AE8CCD716973C5D00FA1B2E /* main.m */,
				8AE8CCD916973C5D00FA1B2E /* WheelComponent-Prefix.pch */,
				8AE8CCDD16973C5D00FA1B2E /* Default.png */,
				8AE8CCDF16973C5D00FA1B2E /* Default@2x.png */,
				8AE8CCE116973C5D00FA1B2E /* Default-568h@2x.png */,
			);
			name = "Supporting Files";
			sourceTree = "<group>";
		};
/* End PBXGroup section */

/* Begin PBXNativeTarget section */
		8AE8CCC616973C5D00FA1B2E /* WheelComponent */ = {
			isa = PBXNativeTarget;
			buildConfigurationList = 8AE8CCEB16973C5D00FA1B2E /* Build configuration list for PBXNativeTarget "WheelComponent" */;
			buildPhases = (
				8AE8CCC316973C5D00FA1B2E /* Sources */,
				8AE8CCC416973C5D00FA1B2E /* Frameworks */,
				8AE8CCC516973C5D00FA1B2E /* Resources */,
			);
			buildRules = (
			);
			dependencies = (
			);
			name = WheelComponent;
			productName = WheelComponent;
			productReference = 8AE8CCC716973C5D00FA1B2E /* WheelComponent.app */;
			productType = "com.apple.product-type.application";
		};
/* End PBXNativeTarget section */

/* Begin PBXProject section */
		8AE8CCBE16973C5D00FA1B2E /* Project object */ = {
			isa = PBXProject;
			attributes = {
				CLASSPREFIX = GN;
				LastUpgradeCheck = 0450;
				ORGANIZATIONNAME = AhmedRagab;
			};
			buildConfigurationList = 8AE8CCC116973C5D00FA1B2E /* Build configuration list for PBXProject "WheelComponent" */;
			compatibilityVersion = "Xcode 3.2";
			developmentRegion = English;
			hasScannedForEncodings = 0;
			knownRegions = (
				en,
			);
			mainGroup = 8AE8CCBC16973C5D00FA1B2E;
			productRefGroup = 8AE8CCC816973C5D00FA1B2E /* Products */;
			projectDirPath = "";
			projectRoot = "";
			targets = (
				8AE8CCC616973C5D00FA1B2E /* WheelComponent */,
			);
		};
/* End PBXProject section */

/* Begin PBXResourcesBuildPhase section */
		8AE8CCC516973C5D00FA1B2E /* Resources */ = {
			isa = PBXResourcesBuildPhase;
			buildActionMask = 2147483647;
			files = (
				8AE8CCDE16973C5D00FA1B2E /* Default.png in Resources */,
				8AE8CCE016973C5D00FA1B2E /* Default@2x.png in Resources */,
				8AE8CCE216973C5D00FA1B2E /* Default-568h@2x.png in Resources */,
				8AE8CCFC16973CE500FA1B2E /* GNWheelViewController.xib in Resources */,
				8AE8CCFE16973D0200FA1B2E /* item.jpg in Resources */,
			);
			runOnlyForDeploymentPostprocessing = 0;
		};
/* End PBXResourcesBuildPhase section */

/* Begin PBXSourcesBuildPhase section */
		8AE8CCC316973C5D00FA1B2E /* Sources */ = {
			isa = PBXSourcesBuildPhase;
			buildActionMask = 2147483647;
			files = (
				8AE8CCD816973C5D00FA1B2E /* main.m in Sources */,
				8AE8CCF916973CE500FA1B2E /* GNAppDelegate.m in Sources */,
				8AE8CCFA16973CE500FA1B2E /* GNWheelView.m in Sources */,
				8AE8CCFB16973CE500FA1B2E /* GNWheelViewController.m in Sources */,
			);
			runOnlyForDeploymentPostprocessing = 0;
		};
/* End PBXSourcesBuildPhase section */

/* Begin XCBuildConfiguration section */
		8AE8CCE916973C5D00FA1B2E /* Debug */ = {
			isa = XCBuildConfiguration;
			buildSettings = {
				ALWAYS_SEARCH_USER_PATHS = NO;
				CLANG_CXX_LANGUAGE_STANDARD = "gnu++0x";
				CLANG_CXX_LIBRARY = "libc++";
				CLANG_WARN_EMPTY_BODY = YES;
				CLANG_WARN__DUPLICATE_METHOD_MATCH = YES;
				"CODE_SIGN_IDENTITY[sdk=iphoneos*]" = "iPhone Developer";
				COPY_PHASE_STRIP = NO;
				GCC_C_LANGUAGE_STANDARD = gnu99;
				GCC_DYNAMIC_NO_PIC = NO;
				GCC_OPTIMIZATION_LEVEL = 0;
				GCC_PREPROCESSOR_DEFINITIONS = (
					"DEBUG=1",
					"$(inherited)",
				);
				GCC_SYMBOLS_PRIVATE_EXTERN = NO;
				GCC_WARN_ABOUT_RETURN_TYPE = YES;
				GCC_WARN_UNINITIALIZED_AUTOS = YES;
				GCC_WARN_UNUSED_VARIABLE = YES;
				IPHONEOS_DEPLOYMENT_TARGET = 6.0;
				ONLY_ACTIVE_ARCH = YES;
				SDKROOT = iphoneos;
			};
			name = Debug;
		};
		8AE8CCEA16973C5D00FA1B2E /* Release */ = {
			isa = XCBuildConfiguration;
			buildSettings = {
				ALWAYS_SEARCH_USER_PATHS = NO;
				CLANG_CXX_LANGUAGE_STANDARD = "gnu++0x";
				CLANG_CXX_LIBRARY = "libc++";
				CLANG_WARN_EMPTY_BODY = YES;
				CLANG_WARN__DUPLICATE_METHOD_MATCH = YES;
				"CODE_SIGN_IDENTITY[sdk=iphoneos*]" = "iPhone Developer";
				COPY_PHASE_STRIP = YES;
				GCC_C_LANGUAGE_STANDARD = gnu99;
				GCC_WARN_ABOUT_RETURN_TYPE = YES;
				GCC_WARN_UNINITIALIZED_AUTOS = YES;
				GCC_WARN_UNUSED_VARIABLE = YES;
				IPHONEOS_DEPLOYMENT_TARGET = 6.0;
				OTHER_CFLAGS = "-DNS_BLOCK_ASSERTIONS=1";
				SDKROOT = iphoneos;
				VALIDATE_PRODUCT = YES;
			};
			name = Release;
		};
		8AE8CCEC16973C5D00FA1B2E /* Debug */ = {
			isa = XCBuildConfiguration;
			buildSettings = {
				GCC_PRECOMPILE_PREFIX_HEADER = YES;
				GCC_PREFIX_HEADER = "WheelComponent/WheelComponent-Prefix.pch";
				INFOPLIST_FILE = "WheelComponent/WheelComponent-Info.plist";
				PRODUCT_NAME = "$(TARGET_NAME)";
				WRAPPER_EXTENSION = app;
			};
			name = Debug;
		};
		8AE8CCED16973C5D00FA1B2E /* Release */ = {
			isa = XCBuildConfiguration;
			buildSettings = {
				GCC_PRECOMPILE_PREFIX_HEADER = YES;
				GCC_PREFIX_HEADER = "WheelComponent/WheelComponent-Prefix.pch";
				INFOPLIST_FILE = "WheelComponent/WheelComponent-Info.plist";
				PRODUCT_NAME = "$(TARGET_NAME)";
				WRAPPER_EXTENSION = app;
			};
			name = Release;
		};
/* End XCBuildConfiguration section */

/* Begin XCConfigurationList section */
		8AE8CCC116973C5D00FA1B2E /* Build configuration list for PBXProject "WheelComponent" */ = {
			isa = XCConfigurationList;
			buildConfigurations = (
				8AE8CCE916973C5D00FA1B2E /* Debug */,
				8AE8CCEA16973C5D00FA1B2E /* Release */,
			);
			defaultConfigurationIsVisible = 0;
			defaultConfigurationName = Release;
		};
		8AE8CCEB16973C5D00FA1B2E /* Build configuration list for PBXNativeTarget "WheelComponent" */ = {
			isa = XCConfigurationList;
			buildConfigurations = (
				8AE8CCEC16973C5D00FA1B2E /* Debug */,
				8AE8CCED16973C5D00FA1B2E /* Release */,
			);
			defaultConfigurationIsVisible = 0;
		};
/* End XCConfigurationList section */
	};
	rootObject = 8AE8CCBE16973C5D00FA1B2E /* Project object */;
}
